<?xml version="1.0" encoding="utf-8"?>
<Project ToolsVersion="4.0" xmlns="http://schemas.microsoft.com/developer/msbuild/2003">
  <ItemGroup>
    <Filter Include="Hassel">
      <UniqueIdentifier>{25C1EEB6-1163-198D-FA1D-2DE1E65EA0DD}</UniqueIdentifier>
    </Filter>
    <Filter Include="Hassel\Events">
      <UniqueIdentifier>{6911A571-D5D1-20A8-9E0C-6A250A8C6584}</UniqueIdentifier>
    </Filter>
    <Filter Include="Hassel\ImGui">
      <UniqueIdentifier>{0FBE6EEC-FB20-FE90-A4A6-364790E8C913}</UniqueIdentifier>
    </Filter>
    <Filter Include="Platform">
      <UniqueIdentifier>{2AC788B4-1694-E3BF-3FAD-D1672BD9184E}</UniqueIdentifier>
    </Filter>
    <Filter Include="Platform\OpenGL">
      <UniqueIdentifier>{1E7D2C1D-8A08-9AE1-9319-1DD6FF23F6E1}</UniqueIdentifier>
    </Filter>
    <Filter Include="Platform\Windows">
      <UniqueIdentifier>{64FBD71A-50F4-F66C-7926-DCF1657ED678}</UniqueIdentifier>
    </Filter>
  </ItemGroup>
  <ItemGroup>
    <ClInclude Include="src\Hassel.h" />
    <ClInclude Include="src\Hassel\Application.h">
      <Filter>Hassel</Filter>
    </ClInclude>
    <ClInclude Include="src\Hassel\Core.h">
      <Filter>Hassel</Filter>
    </ClInclude>
    <ClInclude Include="src\Hassel\EntryPoint.h">
      <Filter>Hassel</Filter>
    </ClInclude>
    <ClInclude Include="src\Hassel\Events\ApplicationEvent.h">
      <Filter>Hassel\Events</Filter>
    </ClInclude>
    <ClInclude Include="src\Hassel\Events\Event.h">
      <Filter>Hassel\Events</Filter>
    </ClInclude>
    <ClInclude Include="src\Hassel\Events\KeyEvent.h">
      <Filter>Hassel\Events</Filter>
    </ClInclude>
    <ClInclude Include="src\Hassel\Events\MouseEvent.h">
      <Filter>Hassel\Events</Filter>
    </ClInclude>
    <ClInclude Include="src\Hassel\ImGui\ImGuiLayer.h">
      <Filter>Hassel\ImGui</Filter>
    </ClInclude>
    <ClInclude Include="src\Hassel\Input.h">
      <Filter>Hassel</Filter>
    </ClInclude>
    <ClInclude Include="src\Hassel\KeyCodes.h">
      <Filter>Hassel</Filter>
    </ClInclude>
    <ClInclude Include="src\Hassel\Layer.h">
      <Filter>Hassel</Filter>
    </ClInclude>
    <ClInclude Include="src\Hassel\LayerStack.h">
      <Filter>Hassel</Filter>
    </ClInclude>
    <ClInclude Include="src\Hassel\Log.h">
      <Filter>Hassel</Filter>
    </ClInclude>
    <ClInclude Include="src\Hassel\MouseButtonCodes.h">
      <Filter>Hassel</Filter>
    </ClInclude>
    <ClInclude Include="src\Hassel\Window.h">
      <Filter>Hassel</Filter>
    </ClInclude>
    <ClInclude Include="src\Platform\OpenGL\ImGuiOpenGLRenderer.h">
      <Filter>Platform\OpenGL</Filter>
    </ClInclude>
    <ClInclude Include="src\Platform\Windows\WindowsInput.h">
      <Filter>Platform\Windows</Filter>
    </ClInclude>
    <ClInclude Include="src\Platform\Windows\WindowsWindow.h">
      <Filter>Platform\Windows</Filter>
    </ClInclude>
    <ClInclude Include="src\hslpch.h" />
  </ItemGroup>
  <ItemGroup>
    <ClCompile Include="src\Hassel\Application.cpp">
      <Filter>Hassel</Filter>
    </ClCompile>
    <ClCompile Include="src\Hassel\ImGui\ImGuiLayer.cpp">
      <Filter>Hassel\ImGui</Filter>
    </ClCompile>
    <ClCompile Include="src\Hassel\Layer.cpp">
      <Filter>Hassel</Filter>
    </ClCompile>
    <ClCompile Include="src\Hassel\LayerStack.cpp">
      <Filter>Hassel</Filter>
    </ClCompile>
    <ClCompile Include="src\Hassel\Log.cpp">
      <Filter>Hassel</Filter>
    </ClCompile>
    <ClCompile Include="src\Platform\OpenGL\ImGuiOpenGLRenderer.cpp">
      <Filter>Platform\OpenGL</Filter>
    </ClCompile>
    <ClCompile Include="src\Platform\Windows\WindowsInput.cpp">
      <Filter>Platform\Windows</Filter>
    </ClCompile>
    <ClCompile Include="src\Platform\Windows\WindowsWindow.cpp">
      <Filter>Platform\Windows</Filter>
    </ClCompile>
    <ClCompile Include="src\hslpch.cpp" />
  </ItemGroup>
</Project>